<?xml version="1.0" encoding="utf-8"?>
<Project ToolsVersion="4.0" xmlns="http://schemas.microsoft.com/developer/msbuild/2003">
  <ItemGroup>
    <ClCompile Include="source\main.cpp" />
    <ClCompile Include="source\HTTPConnection.cpp" />
    <ClCompile Include="source\math\MathUtils.cpp" />
    <ClCompile Include="source\graphics\Shader.cpp" />
    <ClCompile Include="source\graphics\Window.cpp" />
    <ClCompile Include="source\ResourceManager.cpp" />
    <ClCompile Include="source\Input.cpp" />
    <ClCompile Include="source\graphics\Model.cpp" />
    <ClCompile Include="source\Clock.cpp" />
    <ClCompile Include="source\graphics\SphereTemplate.cpp" />
    <ClCompile Include="source\Camera.cpp" />
    <ClCompile Include="source\graphics\ConnectorTemplate.cpp" />
    <ClCompile Include="source\graphics\Connector.cpp" />
    <ClCompile Include="source\bio\AminoAcid.cpp" />
    <ClCompile Include="source\bio\PDBFile.cpp" />
    <ClCompile Include="source\bio\Protein.cpp" />
    <ClCompile Include="source\Selection.cpp" />
    <ClCompile Include="source\Parser.cpp" />
    <ClCompile Include="source\bio\MoleculeData.cpp" />
    <ClCompile Include="source\bio\Helix.cpp" />
    <ClCompile Include="source\graphics\Color.cpp" />
    <ClCompile Include="source\ColorCommand.cpp" />
  </ItemGroup>
  <ItemGroup>
    <ClInclude Include="include\HTTPConnection.h" />
    <ClInclude Include="include\math\Mat.h" />
    <ClInclude Include="include\math\Vec.h" />
    <ClInclude Include="include\math\Vec_2.h" />
    <ClInclude Include="include\math\Vec_3.h" />
    <ClInclude Include="include\math\Vec_4.h" />
    <ClInclude Include="include\math\MathUtils.h" />
    <ClInclude Include="include\graphics\Shader.h" />
    <ClInclude Include="include\graphics\Window.h" />
    <ClInclude Include="include\ResourceManager.h" />
    <ClInclude Include="include\Input.h" />
    <ClInclude Include="include\graphics\Model.h" />
    <ClInclude Include="include\Clock.h" />
    <ClInclude Include="include\graphics\SphereTemplate.h" />
    <ClInclude Include="include\Camera.h" />
    <ClInclude Include="include\graphics\ConnectorTemplate.h" />
    <ClInclude Include="include\graphics\Connector.h" />
    <ClInclude Include="include\bio\AminoAcid.h" />
    <ClInclude Include="include\bio\Atom.h" />
    <ClInclude Include="include\bio\DisulfideBond.h" />
    <ClInclude Include="include\bio\PDBFile.h" />
    <ClInclude Include="include\bio\Helix.h" />
    <ClInclude Include="include\bio\Protein.h" />
    <ClInclude Include="include\bio\Sheet.h" />
    <ClInclude Include="include\Selection.h" />
    <ClInclude Include="include\bio\MoleculeData.h" />
    <ClInclude Include="include\Parser.h" />
    <ClInclude Include="include\bio\Chain.h" />
    <ClInclude Include="include\bio\Residue.h" />
    <ClInclude Include="include\graphics\Color.h" />
    <ClInclude Include="include\bio\ConnectorType.h" />
    <ClInclude Include="include\ColorCommand.h" />
  </ItemGroup>
  <ItemGroup>
    <None Include="source\math\Mat.inl" />
    <None Include="source\math\Vec.inl" />
    <None Include="source\math\Vec_2.inl" />
    <None Include="source\math\Vec_3.inl" />
    <None Include="source\math\Vec_4.inl" />
    <None Include="source\math\MathUtils.inl" />
  </ItemGroup>
</Project>